// !$*UTF8*$!
{
	archiveVersion = 1;
	classes = {
	};
	objectVersion = 46;
	objects = {

/* Begin PBXBuildFile section */
		E51DB3751F0DD6ED002D9916 /* CBTimeLine.m in Sources */ = {isa = PBXBuildFile; fileRef = E51DB3741F0DD6ED002D9916 /* CBTimeLine.m */; };
		E51DB3781F0E2817002D9916 /* CBTimeLineModel.m in Sources */ = {isa = PBXBuildFile; fileRef = E51DB3771F0E2817002D9916 /* CBTimeLineModel.m */; };
		E51DB37E1F0E51D4002D9916 /* CBContainerView.m in Sources */ = {isa = PBXBuildFile; fileRef = E51DB37D1F0E51D4002D9916 /* CBContainerView.m */; };
		E51DB39B1F0F67C8002D9916 /* MASCompositeConstraint.m in Sources */ = {isa = PBXBuildFile; fileRef = E51DB3851F0F67C8002D9916 /* MASCompositeConstraint.m */; };
		E51DB39C1F0F67C8002D9916 /* MASConstraint.m in Sources */ = {isa = PBXBuildFile; fileRef = E51DB3881F0F67C8002D9916 /* MASConstraint.m */; };
		E51DB39D1F0F67C8002D9916 /* MASConstraintMaker.m in Sources */ = {isa = PBXBuildFile; fileRef = E51DB38A1F0F67C8002D9916 /* MASConstraintMaker.m */; };
		E51DB39E1F0F67C8002D9916 /* MASLayoutConstraint.m in Sources */ = {isa = PBXBuildFile; fileRef = E51DB38C1F0F67C8002D9916 /* MASLayoutConstraint.m */; };
		E51DB39F1F0F67C8002D9916 /* MASViewAttribute.m in Sources */ = {isa = PBXBuildFile; fileRef = E51DB3901F0F67C8002D9916 /* MASViewAttribute.m */; };
		E51DB3A01F0F67C8002D9916 /* MASViewConstraint.m in Sources */ = {isa = PBXBuildFile; fileRef = E51DB3921F0F67C8002D9916 /* MASViewConstraint.m */; };
		E51DB3A11F0F67C8002D9916 /* NSArray+MASAdditions.m in Sources */ = {isa = PBXBuildFile; fileRef = E51DB3941F0F67C8002D9916 /* NSArray+MASAdditions.m */; };
		E51DB3A21F0F67C8002D9916 /* NSLayoutConstraint+MASDebugAdditions.m in Sources */ = {isa = PBXBuildFile; fileRef = E51DB3971F0F67C8002D9916 /* NSLayoutConstraint+MASDebugAdditions.m */; };
		E51DB3A31F0F67C8002D9916 /* View+MASAdditions.m in Sources */ = {isa = PBXBuildFile; fileRef = E51DB3991F0F67C8002D9916 /* View+MASAdditions.m */; };
		E51DB3A61F0F68AB002D9916 /* CBSegmentView.m in Sources */ = {isa = PBXBuildFile; fileRef = E51DB3A51F0F68AB002D9916 /* CBSegmentView.m */; };
		E51DB3AD1F1091DC002D9916 /* CBKLineConstant.m in Sources */ = {isa = PBXBuildFile; fileRef = E51DB3AC1F1091DC002D9916 /* CBKLineConstant.m */; };
		E51DB3B61F10AB90002D9916 /* CBTimeLineView.m in Sources */ = {isa = PBXBuildFile; fileRef = E51DB3B51F10AB90002D9916 /* CBTimeLineView.m */; };
		E51DB3B91F10ABBF002D9916 /* CBTimeLineModelGroup.m in Sources */ = {isa = PBXBuildFile; fileRef = E51DB3B81F10ABBF002D9916 /* CBTimeLineModelGroup.m */; };
		E51DB3BC1F10C163002D9916 /* CBTimeLineBottomView.m in Sources */ = {isa = PBXBuildFile; fileRef = E51DB3BB1F10C163002D9916 /* CBTimeLineBottomView.m */; };
		E51DB3BF1F10C1F7002D9916 /* CBTimeLineTopView.m in Sources */ = {isa = PBXBuildFile; fileRef = E51DB3BE1F10C1F7002D9916 /* CBTimeLineTopView.m */; };
		E51DB3C21F10C729002D9916 /* CBTimeLineTopPositionModel.m in Sources */ = {isa = PBXBuildFile; fileRef = E51DB3C11F10C729002D9916 /* CBTimeLineTopPositionModel.m */; };
		E51DB3C61F10CB36002D9916 /* CBLongPressView.m in Sources */ = {isa = PBXBuildFile; fileRef = E51DB3C51F10CB36002D9916 /* CBLongPressView.m */; };
		E51DB3C91F10D193002D9916 /* TimeLine.plist in Resources */ = {isa = PBXBuildFile; fileRef = E51DB3C81F10D193002D9916 /* TimeLine.plist */; };
		E51DB3CE1F10D57B002D9916 /* JMSGroupTimeLineModel.m in Sources */ = {isa = PBXBuildFile; fileRef = E51DB3CB1F10D57B002D9916 /* JMSGroupTimeLineModel.m */; };
		E51DB3CF1F10D57B002D9916 /* JMSTimeLineModel.m in Sources */ = {isa = PBXBuildFile; fileRef = E51DB3CD1F10D57B002D9916 /* JMSTimeLineModel.m */; };
		E51DB3E21F10D611002D9916 /* MJConst.m in Sources */ = {isa = PBXBuildFile; fileRef = E51DB3D21F10D611002D9916 /* MJConst.m */; };
		E51DB3E31F10D611002D9916 /* MJFoundation.m in Sources */ = {isa = PBXBuildFile; fileRef = E51DB3D51F10D611002D9916 /* MJFoundation.m */; };
		E51DB3E41F10D611002D9916 /* MJProperty.m in Sources */ = {isa = PBXBuildFile; fileRef = E51DB3D71F10D611002D9916 /* MJProperty.m */; };
		E51DB3E51F10D611002D9916 /* MJType.m in Sources */ = {isa = PBXBuildFile; fileRef = E51DB3D91F10D611002D9916 /* MJType.m */; };
		E51DB3E61F10D611002D9916 /* NSObject+MJCoding.m in Sources */ = {isa = PBXBuildFile; fileRef = E51DB3DB1F10D611002D9916 /* NSObject+MJCoding.m */; };
		E51DB3E71F10D611002D9916 /* NSObject+MJKeyValue.m in Sources */ = {isa = PBXBuildFile; fileRef = E51DB3DD1F10D611002D9916 /* NSObject+MJKeyValue.m */; };
		E51DB3E81F10D611002D9916 /* NSObject+MJProperty.m in Sources */ = {isa = PBXBuildFile; fileRef = E51DB3DF1F10D611002D9916 /* NSObject+MJProperty.m */; };
		E51DB3E91F10D611002D9916 /* NSString+MJExtension.m in Sources */ = {isa = PBXBuildFile; fileRef = E51DB3E11F10D611002D9916 /* NSString+MJExtension.m */; };
		E51DB3EC1F10F03A002D9916 /* CBTimeLineBottomVolum.m in Sources */ = {isa = PBXBuildFile; fileRef = E51DB3EB1F10F03A002D9916 /* CBTimeLineBottomVolum.m */; };
		E51DB3EF1F10F058002D9916 /* CBTimeLineBottomPositionModel.m in Sources */ = {isa = PBXBuildFile; fileRef = E51DB3EE1F10F058002D9916 /* CBTimeLineBottomPositionModel.m */; };
		E51DB3F31F147754002D9916 /* CBCoordinatesControl.m in Sources */ = {isa = PBXBuildFile; fileRef = E51DB3F21F147754002D9916 /* CBCoordinatesControl.m */; };
		E5628CD51F0C8B4900228416 /* main.m in Sources */ = {isa = PBXBuildFile; fileRef = E5628CD41F0C8B4900228416 /* main.m */; };
		E5628CD81F0C8B4900228416 /* AppDelegate.m in Sources */ = {isa = PBXBuildFile; fileRef = E5628CD71F0C8B4900228416 /* AppDelegate.m */; };
		E5628CDB1F0C8B4900228416 /* FirstViewController.m in Sources */ = {isa = PBXBuildFile; fileRef = E5628CDA1F0C8B4900228416 /* FirstViewController.m */; };
		E5628CDE1F0C8B4900228416 /* SecondViewController.m in Sources */ = {isa = PBXBuildFile; fileRef = E5628CDD1F0C8B4900228416 /* SecondViewController.m */; };
		E5628CE11F0C8B4900228416 /* Main.storyboard in Resources */ = {isa = PBXBuildFile; fileRef = E5628CDF1F0C8B4900228416 /* Main.storyboard */; };
		E5628CE31F0C8B4900228416 /* Assets.xcassets in Resources */ = {isa = PBXBuildFile; fileRef = E5628CE21F0C8B4900228416 /* Assets.xcassets */; };
		E5628CE61F0C8B4900228416 /* LaunchScreen.storyboard in Resources */ = {isa = PBXBuildFile; fileRef = E5628CE41F0C8B4900228416 /* LaunchScreen.storyboard */; };
/* End PBXBuildFile section */

/* Begin PBXFileReference section */
		E51DB3731F0DD6ED002D9916 /* CBTimeLine.h */ = {isa = PBXFileReference; fileEncoding = 4; lastKnownFileType = sourcecode.c.h; path = CBTimeLine.h; sourceTree = "<group>"; };
		E51DB3741F0DD6ED002D9916 /* CBTimeLine.m */ = {isa = PBXFileReference; fileEncoding = 4; lastKnownFileType = sourcecode.c.objc; path = CBTimeLine.m; sourceTree = "<group>"; };
		E51DB3761F0E2817002D9916 /* CBTimeLineModel.h */ = {isa = PBXFileReference; fileEncoding = 4; lastKnownFileType = sourcecode.c.h; path = CBTimeLineModel.h; sourceTree = "<group>"; };
		E51DB3771F0E2817002D9916 /* CBTimeLineModel.m */ = {isa = PBXFileReference; fileEncoding = 4; lastKnownFileType = sourcecode.c.objc; path = CBTimeLineModel.m; sourceTree = "<group>"; };
		E51DB37A1F0E4AF7002D9916 /* CBKLine.h */ = {isa = PBXFileReference; fileEncoding = 4; lastKnownFileType = sourcecode.c.h; name = CBKLine.h; path = DfitcKLine/CBKLine.h; sourceTree = SOURCE_ROOT; };
		E51DB37C1F0E51D4002D9916 /* CBContainerView.h */ = {isa = PBXFileReference; fileEncoding = 4; lastKnownFileType = sourcecode.c.h; path = CBContainerView.h; sourceTree = "<group>"; };
		E51DB37D1F0E51D4002D9916 /* CBContainerView.m */ = {isa = PBXFileReference; fileEncoding = 4; lastKnownFileType = sourcecode.c.objc; path = CBContainerView.m; sourceTree = "<group>"; };
		E51DB3841F0F67C8002D9916 /* MASCompositeConstraint.h */ = {isa = PBXFileReference; fileEncoding = 4; lastKnownFileType = sourcecode.c.h; path = MASCompositeConstraint.h; sourceTree = "<group>"; };
		E51DB3851F0F67C8002D9916 /* MASCompositeConstraint.m */ = {isa = PBXFileReference; fileEncoding = 4; lastKnownFileType = sourcecode.c.objc; path = MASCompositeConstraint.m; sourceTree = "<group>"; };
		E51DB3861F0F67C8002D9916 /* MASConstraint+Private.h */ = {isa = PBXFileReference; fileEncoding = 4; lastKnownFileType = sourcecode.c.h; path = "MASConstraint+Private.h"; sourceTree = "<group>"; };
		E51DB3871F0F67C8002D9916 /* MASConstraint.h */ = {isa = PBXFileReference; fileEncoding = 4; lastKnownFileType = sourcecode.c.h; path = MASConstraint.h; sourceTree = "<group>"; };
		E51DB3881F0F67C8002D9916 /* MASConstraint.m */ = {isa = PBXFileReference; fileEncoding = 4; lastKnownFileType = sourcecode.c.objc; path = MASConstraint.m; sourceTree = "<group>"; };
		E51DB3891F0F67C8002D9916 /* MASConstraintMaker.h */ = {isa = PBXFileReference; fileEncoding = 4; lastKnownFileType = sourcecode.c.h; path = MASConstraintMaker.h; sourceTree = "<group>"; };
		E51DB38A1F0F67C8002D9916 /* MASConstraintMaker.m */ = {isa = PBXFileReference; fileEncoding = 4; lastKnownFileType = sourcecode.c.objc; path = MASConstraintMaker.m; sourceTree = "<group>"; };
		E51DB38B1F0F67C8002D9916 /* MASLayoutConstraint.h */ = {isa = PBXFileReference; fileEncoding = 4; lastKnownFileType = sourcecode.c.h; path = MASLayoutConstraint.h; sourceTree = "<group>"; };
		E51DB38C1F0F67C8002D9916 /* MASLayoutConstraint.m */ = {isa = PBXFileReference; fileEncoding = 4; lastKnownFileType = sourcecode.c.objc; path = MASLayoutConstraint.m; sourceTree = "<group>"; };
		E51DB38D1F0F67C8002D9916 /* Masonry.h */ = {isa = PBXFileReference; fileEncoding = 4; lastKnownFileType = sourcecode.c.h; path = Masonry.h; sourceTree = "<group>"; };
		E51DB38E1F0F67C8002D9916 /* MASUtilities.h */ = {isa = PBXFileReference; fileEncoding = 4; lastKnownFileType = sourcecode.c.h; path = MASUtilities.h; sourceTree = "<group>"; };
		E51DB38F1F0F67C8002D9916 /* MASViewAttribute.h */ = {isa = PBXFileReference; fileEncoding = 4; lastKnownFileType = sourcecode.c.h; path = MASViewAttribute.h; sourceTree = "<group>"; };
		E51DB3901F0F67C8002D9916 /* MASViewAttribute.m */ = {isa = PBXFileReference; fileEncoding = 4; lastKnownFileType = sourcecode.c.objc; path = MASViewAttribute.m; sourceTree = "<group>"; };
		E51DB3911F0F67C8002D9916 /* MASViewConstraint.h */ = {isa = PBXFileReference; fileEncoding = 4; lastKnownFileType = sourcecode.c.h; path = MASViewConstraint.h; sourceTree = "<group>"; };
		E51DB3921F0F67C8002D9916 /* MASViewConstraint.m */ = {isa = PBXFileReference; fileEncoding = 4; lastKnownFileType = sourcecode.c.objc; path = MASViewConstraint.m; sourceTree = "<group>"; };
		E51DB3931F0F67C8002D9916 /* NSArray+MASAdditions.h */ = {isa = PBXFileReference; fileEncoding = 4; lastKnownFileType = sourcecode.c.h; path = "NSArray+MASAdditions.h"; sourceTree = "<group>"; };
		E51DB3941F0F67C8002D9916 /* NSArray+MASAdditions.m */ = {isa = PBXFileReference; fileEncoding = 4; lastKnownFileType = sourcecode.c.objc; path = "NSArray+MASAdditions.m"; sourceTree = "<group>"; };
		E51DB3951F0F67C8002D9916 /* NSArray+MASShorthandAdditions.h */ = {isa = PBXFileReference; fileEncoding = 4; lastKnownFileType = sourcecode.c.h; path = "NSArray+MASShorthandAdditions.h"; sourceTree = "<group>"; };
		E51DB3961F0F67C8002D9916 /* NSLayoutConstraint+MASDebugAdditions.h */ = {isa = PBXFileReference; fileEncoding = 4; lastKnownFileType = sourcecode.c.h; path = "NSLayoutConstraint+MASDebugAdditions.h"; sourceTree = "<group>"; };
		E51DB3971F0F67C8002D9916 /* NSLayoutConstraint+MASDebugAdditions.m */ = {isa = PBXFileReference; fileEncoding = 4; lastKnownFileType = sourcecode.c.objc; path = "NSLayoutConstraint+MASDebugAdditions.m"; sourceTree = "<group>"; };
		E51DB3981F0F67C8002D9916 /* View+MASAdditions.h */ = {isa = PBXFileReference; fileEncoding = 4; lastKnownFileType = sourcecode.c.h; path = "View+MASAdditions.h"; sourceTree = "<group>"; };
		E51DB3991F0F67C8002D9916 /* View+MASAdditions.m */ = {isa = PBXFileReference; fileEncoding = 4; lastKnownFileType = sourcecode.c.objc; path = "View+MASAdditions.m"; sourceTree = "<group>"; };
		E51DB39A1F0F67C8002D9916 /* View+MASShorthandAdditions.h */ = {isa = PBXFileReference; fileEncoding = 4; lastKnownFileType = sourcecode.c.h; path = "View+MASShorthandAdditions.h"; sourceTree = "<group>"; };
		E51DB3A41F0F68AB002D9916 /* CBSegmentView.h */ = {isa = PBXFileReference; fileEncoding = 4; lastKnownFileType = sourcecode.c.h; path = CBSegmentView.h; sourceTree = "<group>"; };
		E51DB3A51F0F68AB002D9916 /* CBSegmentView.m */ = {isa = PBXFileReference; fileEncoding = 4; lastKnownFileType = sourcecode.c.objc; path = CBSegmentView.m; sourceTree = "<group>"; };
		E51DB3AB1F1091DC002D9916 /* CBKLineConstant.h */ = {isa = PBXFileReference; fileEncoding = 4; lastKnownFileType = sourcecode.c.h; path = CBKLineConstant.h; sourceTree = "<group>"; };
		E51DB3AC1F1091DC002D9916 /* CBKLineConstant.m */ = {isa = PBXFileReference; fileEncoding = 4; lastKnownFileType = sourcecode.c.objc; path = CBKLineConstant.m; sourceTree = "<group>"; };
		E51DB3B41F10AB90002D9916 /* CBTimeLineView.h */ = {isa = PBXFileReference; fileEncoding = 4; lastKnownFileType = sourcecode.c.h; path = CBTimeLineView.h; sourceTree = "<group>"; };
		E51DB3B51F10AB90002D9916 /* CBTimeLineView.m */ = {isa = PBXFileReference; fileEncoding = 4; lastKnownFileType = sourcecode.c.objc; path = CBTimeLineView.m; sourceTree = "<group>"; };
		E51DB3B71F10ABBF002D9916 /* CBTimeLineModelGroup.h */ = {isa = PBXFileReference; fileEncoding = 4; lastKnownFileType = sourcecode.c.h; path = CBTimeLineModelGroup.h; sourceTree = "<group>"; };
		E51DB3B81F10ABBF002D9916 /* CBTimeLineModelGroup.m */ = {isa = PBXFileReference; fileEncoding = 4; lastKnownFileType = sourcecode.c.objc; path = CBTimeLineModelGroup.m; sourceTree = "<group>"; };
		E51DB3BA1F10C163002D9916 /* CBTimeLineBottomView.h */ = {isa = PBXFileReference; fileEncoding = 4; lastKnownFileType = sourcecode.c.h; path = CBTimeLineBottomView.h; sourceTree = "<group>"; };
		E51DB3BB1F10C163002D9916 /* CBTimeLineBottomView.m */ = {isa = PBXFileReference; fileEncoding = 4; lastKnownFileType = sourcecode.c.objc; path = CBTimeLineBottomView.m; sourceTree = "<group>"; };
		E51DB3BD1F10C1F7002D9916 /* CBTimeLineTopView.h */ = {isa = PBXFileReference; fileEncoding = 4; lastKnownFileType = sourcecode.c.h; path = CBTimeLineTopView.h; sourceTree = "<group>"; };
		E51DB3BE1F10C1F7002D9916 /* CBTimeLineTopView.m */ = {isa = PBXFileReference; fileEncoding = 4; lastKnownFileType = sourcecode.c.objc; path = CBTimeLineTopView.m; sourceTree = "<group>"; };
		E51DB3C01F10C729002D9916 /* CBTimeLineTopPositionModel.h */ = {isa = PBXFileReference; fileEncoding = 4; lastKnownFileType = sourcecode.c.h; path = CBTimeLineTopPositionModel.h; sourceTree = "<group>"; };
		E51DB3C11F10C729002D9916 /* CBTimeLineTopPositionModel.m */ = {isa = PBXFileReference; fileEncoding = 4; lastKnownFileType = sourcecode.c.objc; path = CBTimeLineTopPositionModel.m; sourceTree = "<group>"; };
		E51DB3C41F10CB36002D9916 /* CBLongPressView.h */ = {isa = PBXFileReference; fileEncoding = 4; lastKnownFileType = sourcecode.c.h; path = CBLongPressView.h; sourceTree = "<group>"; };
		E51DB3C51F10CB36002D9916 /* CBLongPressView.m */ = {isa = PBXFileReference; fileEncoding = 4; lastKnownFileType = sourcecode.c.objc; path = CBLongPressView.m; sourceTree = "<group>"; };
		E51DB3C81F10D193002D9916 /* TimeLine.plist */ = {isa = PBXFileReference; fileEncoding = 4; lastKnownFileType = text.plist.xml; path = TimeLine.plist; sourceTree = "<group>"; };
		E51DB3CA1F10D57B002D9916 /* JMSGroupTimeLineModel.h */ = {isa = PBXFileReference; fileEncoding = 4; lastKnownFileType = sourcecode.c.h; path = JMSGroupTimeLineModel.h; sourceTree = "<group>"; };
		E51DB3CB1F10D57B002D9916 /* JMSGroupTimeLineModel.m */ = {isa = PBXFileReference; fileEncoding = 4; lastKnownFileType = sourcecode.c.objc; path = JMSGroupTimeLineModel.m; sourceTree = "<group>"; };
		E51DB3CC1F10D57B002D9916 /* JMSTimeLineModel.h */ = {isa = PBXFileReference; fileEncoding = 4; lastKnownFileType = sourcecode.c.h; path = JMSTimeLineModel.h; sourceTree = "<group>"; };
		E51DB3CD1F10D57B002D9916 /* JMSTimeLineModel.m */ = {isa = PBXFileReference; fileEncoding = 4; lastKnownFileType = sourcecode.c.objc; path = JMSTimeLineModel.m; sourceTree = "<group>"; };
		E51DB3D11F10D611002D9916 /* MJConst.h */ = {isa = PBXFileReference; fileEncoding = 4; lastKnownFileType = sourcecode.c.h; path = MJConst.h; sourceTree = "<group>"; };
		E51DB3D21F10D611002D9916 /* MJConst.m */ = {isa = PBXFileReference; fileEncoding = 4; lastKnownFileType = sourcecode.c.objc; path = MJConst.m; sourceTree = "<group>"; };
		E51DB3D31F10D611002D9916 /* MJExtension.h */ = {isa = PBXFileReference; fileEncoding = 4; lastKnownFileType = sourcecode.c.h; path = MJExtension.h; sourceTree = "<group>"; };
		E51DB3D41F10D611002D9916 /* MJFoundation.h */ = {isa = PBXFileReference; fileEncoding = 4; lastKnownFileType = sourcecode.c.h; path = MJFoundation.h; sourceTree = "<group>"; };
		E51DB3D51F10D611002D9916 /* MJFoundation.m */ = {isa = PBXFileReference; fileEncoding = 4; lastKnownFileType = sourcecode.c.objc; path = MJFoundation.m; sourceTree = "<group>"; };
		E51DB3D61F10D611002D9916 /* MJProperty.h */ = {isa = PBXFileReference; fileEncoding = 4; lastKnownFileType = sourcecode.c.h; path = MJProperty.h; sourceTree = "<group>"; };
		E51DB3D71F10D611002D9916 /* MJProperty.m */ = {isa = PBXFileReference; fileEncoding = 4; lastKnownFileType = sourcecode.c.objc; path = MJProperty.m; sourceTree = "<group>"; };
		E51DB3D81F10D611002D9916 /* MJType.h */ = {isa = PBXFileReference; fileEncoding = 4; lastKnownFileType = sourcecode.c.h; path = MJType.h; sourceTree = "<group>"; };
		E51DB3D91F10D611002D9916 /* MJType.m */ = {isa = PBXFileReference; fileEncoding = 4; lastKnownFileType = sourcecode.c.objc; path = MJType.m; sourceTree = "<group>"; };
		E51DB3DA1F10D611002D9916 /* NSObject+MJCoding.h */ = {isa = PBXFileReference; fileEncoding = 4; lastKnownFileType = sourcecode.c.h; path = "NSObject+MJCoding.h"; sourceTree = "<group>"; };
		E51DB3DB1F10D611002D9916 /* NSObject+MJCoding.m */ = {isa = PBXFileReference; fileEncoding = 4; lastKnownFileType = sourcecode.c.objc; path = "NSObject+MJCoding.m"; sourceTree = "<group>"; };
		E51DB3DC1F10D611002D9916 /* NSObject+MJKeyValue.h */ = {isa = PBXFileReference; fileEncoding = 4; lastKnownFileType = sourcecode.c.h; path = "NSObject+MJKeyValue.h"; sourceTree = "<group>"; };
		E51DB3DD1F10D611002D9916 /* NSObject+MJKeyValue.m */ = {isa = PBXFileReference; fileEncoding = 4; lastKnownFileType = sourcecode.c.objc; path = "NSObject+MJKeyValue.m"; sourceTree = "<group>"; };
		E51DB3DE1F10D611002D9916 /* NSObject+MJProperty.h */ = {isa = PBXFileReference; fileEncoding = 4; lastKnownFileType = sourcecode.c.h; path = "NSObject+MJProperty.h"; sourceTree = "<group>"; };
		E51DB3DF1F10D611002D9916 /* NSObject+MJProperty.m */ = {isa = PBXFileReference; fileEncoding = 4; lastKnownFileType = sourcecode.c.objc; path = "NSObject+MJProperty.m"; sourceTree = "<group>"; };
		E51DB3E01F10D611002D9916 /* NSString+MJExtension.h */ = {isa = PBXFileReference; fileEncoding = 4; lastKnownFileType = sourcecode.c.h; path = "NSString+MJExtension.h"; sourceTree = "<group>"; };
		E51DB3E11F10D611002D9916 /* NSString+MJExtension.m */ = {isa = PBXFileReference; fileEncoding = 4; lastKnownFileType = sourcecode.c.objc; path = "NSString+MJExtension.m"; sourceTree = "<group>"; };
		E51DB3EA1F10F03A002D9916 /* CBTimeLineBottomVolum.h */ = {isa = PBXFileReference; fileEncoding = 4; lastKnownFileType = sourcecode.c.h; path = CBTimeLineBottomVolum.h; sourceTree = "<group>"; };
		E51DB3EB1F10F03A002D9916 /* CBTimeLineBottomVolum.m */ = {isa = PBXFileReference; fileEncoding = 4; lastKnownFileType = sourcecode.c.objc; path = CBTimeLineBottomVolum.m; sourceTree = "<group>"; };
		E51DB3ED1F10F058002D9916 /* CBTimeLineBottomPositionModel.h */ = {isa = PBXFileReference; fileEncoding = 4; lastKnownFileType = sourcecode.c.h; path = CBTimeLineBottomPositionModel.h; sourceTree = "<group>"; };
		E51DB3EE1F10F058002D9916 /* CBTimeLineBottomPositionModel.m */ = {isa = PBXFileReference; fileEncoding = 4; lastKnownFileType = sourcecode.c.objc; path = CBTimeLineBottomPositionModel.m; sourceTree = "<group>"; };
		E51DB3F11F147754002D9916 /* CBCoordinatesControl.h */ = {isa = PBXFileReference; fileEncoding = 4; lastKnownFileType = sourcecode.c.h; path = CBCoordinatesControl.h; sourceTree = "<group>"; };
		E51DB3F21F147754002D9916 /* CBCoordinatesControl.m */ = {isa = PBXFileReference; fileEncoding = 4; lastKnownFileType = sourcecode.c.objc; path = CBCoordinatesControl.m; sourceTree = "<group>"; };
		E5628CD01F0C8B4900228416 /* DfitcKLine.app */ = {isa = PBXFileReference; explicitFileType = wrapper.application; includeInIndex = 0; path = DfitcKLine.app; sourceTree = BUILT_PRODUCTS_DIR; };
		E5628CD41F0C8B4900228416 /* main.m */ = {isa = PBXFileReference; lastKnownFileType = sourcecode.c.objc; path = main.m; sourceTree = "<group>"; };
		E5628CD61F0C8B4900228416 /* AppDelegate.h */ = {isa = PBXFileReference; lastKnownFileType = sourcecode.c.h; path = AppDelegate.h; sourceTree = "<group>"; };
		E5628CD71F0C8B4900228416 /* AppDelegate.m */ = {isa = PBXFileReference; lastKnownFileType = sourcecode.c.objc; path = AppDelegate.m; sourceTree = "<group>"; };
		E5628CD91F0C8B4900228416 /* FirstViewController.h */ = {isa = PBXFileReference; lastKnownFileType = sourcecode.c.h; path = FirstViewController.h; sourceTree = "<group>"; };
		E5628CDA1F0C8B4900228416 /* FirstViewController.m */ = {isa = PBXFileReference; lastKnownFileType = sourcecode.c.objc; path = FirstViewController.m; sourceTree = "<group>"; };
		E5628CDC1F0C8B4900228416 /* SecondViewController.h */ = {isa = PBXFileReference; lastKnownFileType = sourcecode.c.h; path = SecondViewController.h; sourceTree = "<group>"; };
		E5628CDD1F0C8B4900228416 /* SecondViewController.m */ = {isa = PBXFileReference; lastKnownFileType = sourcecode.c.objc; path = SecondViewController.m; sourceTree = "<group>"; };
		E5628CE01F0C8B4900228416 /* Base */ = {isa = PBXFileReference; lastKnownFileType = file.storyboard; name = Base; path = Base.lproj/Main.storyboard; sourceTree = "<group>"; };
		E5628CE21F0C8B4900228416 /* Assets.xcassets */ = {isa = PBXFileReference; lastKnownFileType = folder.assetcatalog; path = Assets.xcassets; sourceTree = "<group>"; };
		E5628CE51F0C8B4900228416 /* Base */ = {isa = PBXFileReference; lastKnownFileType = file.storyboard; name = Base; path = Base.lproj/LaunchScreen.storyboard; sourceTree = "<group>"; };
		E5628CE71F0C8B4900228416 /* Info.plist */ = {isa = PBXFileReference; lastKnownFileType = text.plist.xml; path = Info.plist; sourceTree = "<group>"; };
/* End PBXFileReference section */

/* Begin PBXFrameworksBuildPhase section */
		E5628CCD1F0C8B4900228416 /* Frameworks */ = {
			isa = PBXFrameworksBuildPhase;
			buildActionMask = 2147483647;
			files = (
			);
			runOnlyForDeploymentPostprocessing = 0;
		};
/* End PBXFrameworksBuildPhase section */

/* Begin PBXGroup section */
		E51DB36D1F0DD5B9002D9916 /* TopView */ = {
			isa = PBXGroup;
			children = (
				E51DB3731F0DD6ED002D9916 /* CBTimeLine.h */,
				E51DB3741F0DD6ED002D9916 /* CBTimeLine.m */,
				E51DB3BD1F10C1F7002D9916 /* CBTimeLineTopView.h */,
				E51DB3BE1F10C1F7002D9916 /* CBTimeLineTopView.m */,
				E51DB3C01F10C729002D9916 /* CBTimeLineTopPositionModel.h */,
				E51DB3C11F10C729002D9916 /* CBTimeLineTopPositionModel.m */,
			);
			name = TopView;
			sourceTree = "<group>";
		};
		E51DB36F1F0DD5DB002D9916 /* BottomView */ = {
			isa = PBXGroup;
			children = (
				E51DB3BA1F10C163002D9916 /* CBTimeLineBottomView.h */,
				E51DB3BB1F10C163002D9916 /* CBTimeLineBottomView.m */,
				E51DB3EA1F10F03A002D9916 /* CBTimeLineBottomVolum.h */,
				E51DB3EB1F10F03A002D9916 /* CBTimeLineBottomVolum.m */,
				E51DB3ED1F10F058002D9916 /* CBTimeLineBottomPositionModel.h */,
				E51DB3EE1F10F058002D9916 /* CBTimeLineBottomPositionModel.m */,
			);
			name = BottomView;
			sourceTree = "<group>";
		};
		E51DB3791F0E3F56002D9916 /* SegmentView */ = {
			isa = PBXGroup;
			children = (
				E51DB3A41F0F68AB002D9916 /* CBSegmentView.h */,
				E51DB3A51F0F68AB002D9916 /* CBSegmentView.m */,
			);
			name = SegmentView;
			path = ..;
			sourceTree = "<group>";
		};
		E51DB37B1F0E4E63002D9916 /* CBKLine */ = {
			isa = PBXGroup;
			children = (
				E51DB3C71F10D187002D9916 /* DataFiles */,
				E51DB37A1F0E4AF7002D9916 /* CBKLine.h */,
				E51DB37C1F0E51D4002D9916 /* CBContainerView.h */,
				E51DB37D1F0E51D4002D9916 /* CBContainerView.m */,
				E51DB3C31F10C805002D9916 /* LonePressView */,
				E51DB3A71F108EA5002D9916 /* constant */,
				E51DB3791F0E3F56002D9916 /* SegmentView */,
				E5628CED1F0C8DDC00228416 /* TimeLineView */,
				E5628CEE1F0C914E00228416 /* K map */,
			);
			path = CBKLine;
			sourceTree = "<group>";
		};
		E51DB37F1F0E6005002D9916 /* TimeLineModel */ = {
			isa = PBXGroup;
			children = (
				E51DB3CA1F10D57B002D9916 /* JMSGroupTimeLineModel.h */,
				E51DB3CB1F10D57B002D9916 /* JMSGroupTimeLineModel.m */,
				E51DB3CC1F10D57B002D9916 /* JMSTimeLineModel.h */,
				E51DB3CD1F10D57B002D9916 /* JMSTimeLineModel.m */,
				E51DB3761F0E2817002D9916 /* CBTimeLineModel.h */,
				E51DB3771F0E2817002D9916 /* CBTimeLineModel.m */,
				E51DB3B71F10ABBF002D9916 /* CBTimeLineModelGroup.h */,
				E51DB3B81F10ABBF002D9916 /* CBTimeLineModelGroup.m */,
			);
			name = TimeLineModel;
			sourceTree = "<group>";
		};
		E51DB3831F0F67C8002D9916 /* Masonry */ = {
			isa = PBXGroup;
			children = (
				E51DB3841F0F67C8002D9916 /* MASCompositeConstraint.h */,
				E51DB3851F0F67C8002D9916 /* MASCompositeConstraint.m */,
				E51DB3861F0F67C8002D9916 /* MASConstraint+Private.h */,
				E51DB3871F0F67C8002D9916 /* MASConstraint.h */,
				E51DB3881F0F67C8002D9916 /* MASConstraint.m */,
				E51DB3891F0F67C8002D9916 /* MASConstraintMaker.h */,
				E51DB38A1F0F67C8002D9916 /* MASConstraintMaker.m */,
				E51DB38B1F0F67C8002D9916 /* MASLayoutConstraint.h */,
				E51DB38C1F0F67C8002D9916 /* MASLayoutConstraint.m */,
				E51DB38D1F0F67C8002D9916 /* Masonry.h */,
				E51DB38E1F0F67C8002D9916 /* MASUtilities.h */,
				E51DB38F1F0F67C8002D9916 /* MASViewAttribute.h */,
				E51DB3901F0F67C8002D9916 /* MASViewAttribute.m */,
				E51DB3911F0F67C8002D9916 /* MASViewConstraint.h */,
				E51DB3921F0F67C8002D9916 /* MASViewConstraint.m */,
				E51DB3931F0F67C8002D9916 /* NSArray+MASAdditions.h */,
				E51DB3941F0F67C8002D9916 /* NSArray+MASAdditions.m */,
				E51DB3951F0F67C8002D9916 /* NSArray+MASShorthandAdditions.h */,
				E51DB3961F0F67C8002D9916 /* NSLayoutConstraint+MASDebugAdditions.h */,
				E51DB3971F0F67C8002D9916 /* NSLayoutConstraint+MASDebugAdditions.m */,
				E51DB3981F0F67C8002D9916 /* View+MASAdditions.h */,
				E51DB3991F0F67C8002D9916 /* View+MASAdditions.m */,
				E51DB39A1F0F67C8002D9916 /* View+MASShorthandAdditions.h */,
			);
			path = Masonry;
			sourceTree = "<group>";
		};
		E51DB3A71F108EA5002D9916 /* constant */ = {
			isa = PBXGroup;
			children = (
				E51DB3AB1F1091DC002D9916 /* CBKLineConstant.h */,
				E51DB3AC1F1091DC002D9916 /* CBKLineConstant.m */,
			);
			name = constant;
			sourceTree = "<group>";
		};
		E51DB3C31F10C805002D9916 /* LonePressView */ = {
			isa = PBXGroup;
			children = (
				E51DB3C41F10CB36002D9916 /* CBLongPressView.h */,
				E51DB3C51F10CB36002D9916 /* CBLongPressView.m */,
			);
			name = LonePressView;
			sourceTree = "<group>";
		};
		E51DB3C71F10D187002D9916 /* DataFiles */ = {
			isa = PBXGroup;
			children = (
				E51DB3C81F10D193002D9916 /* TimeLine.plist */,
			);
			name = DataFiles;
			sourceTree = "<group>";
		};
		E51DB3D01F10D611002D9916 /* MJExtension */ = {
			isa = PBXGroup;
			children = (
				E51DB3D11F10D611002D9916 /* MJConst.h */,
				E51DB3D21F10D611002D9916 /* MJConst.m */,
				E51DB3D31F10D611002D9916 /* MJExtension.h */,
				E51DB3D41F10D611002D9916 /* MJFoundation.h */,
				E51DB3D51F10D611002D9916 /* MJFoundation.m */,
				E51DB3D61F10D611002D9916 /* MJProperty.h */,
				E51DB3D71F10D611002D9916 /* MJProperty.m */,
				E51DB3D81F10D611002D9916 /* MJType.h */,
				E51DB3D91F10D611002D9916 /* MJType.m */,
				E51DB3DA1F10D611002D9916 /* NSObject+MJCoding.h */,
				E51DB3DB1F10D611002D9916 /* NSObject+MJCoding.m */,
				E51DB3DC1F10D611002D9916 /* NSObject+MJKeyValue.h */,
				E51DB3DD1F10D611002D9916 /* NSObject+MJKeyValue.m */,
				E51DB3DE1F10D611002D9916 /* NSObject+MJProperty.h */,
				E51DB3DF1F10D611002D9916 /* NSObject+MJProperty.m */,
				E51DB3E01F10D611002D9916 /* NSString+MJExtension.h */,
				E51DB3E11F10D611002D9916 /* NSString+MJExtension.m */,
			);
			path = MJExtension;
			sourceTree = "<group>";
		};
		E51DB3F01F146B9F002D9916 /* Coordinates stuff */ = {
			isa = PBXGroup;
			children = (
				E51DB3F11F147754002D9916 /* CBCoordinatesControl.h */,
				E51DB3F21F147754002D9916 /* CBCoordinatesControl.m */,
			);
			name = "Coordinates stuff";
			sourceTree = "<group>";
		};
		E5628CC71F0C8B4900228416 = {
			isa = PBXGroup;
			children = (
				E51DB3D01F10D611002D9916 /* MJExtension */,
				E51DB3831F0F67C8002D9916 /* Masonry */,
				E5628CD21F0C8B4900228416 /* DfitcKLine */,
				E5628CD11F0C8B4900228416 /* Products */,
			);
			sourceTree = "<group>";
		};
		E5628CD11F0C8B4900228416 /* Products */ = {
			isa = PBXGroup;
			children = (
				E5628CD01F0C8B4900228416 /* DfitcKLine.app */,
			);
			name = Products;
			sourceTree = "<group>";
		};
		E5628CD21F0C8B4900228416 /* DfitcKLine */ = {
			isa = PBXGroup;
			children = (
				E51DB37B1F0E4E63002D9916 /* CBKLine */,
				E5628CD61F0C8B4900228416 /* AppDelegate.h */,
				E5628CD71F0C8B4900228416 /* AppDelegate.m */,
				E5628CD91F0C8B4900228416 /* FirstViewController.h */,
				E5628CDA1F0C8B4900228416 /* FirstViewController.m */,
				E5628CDC1F0C8B4900228416 /* SecondViewController.h */,
				E5628CDD1F0C8B4900228416 /* SecondViewController.m */,
				E5628CDF1F0C8B4900228416 /* Main.storyboard */,
				E5628CE21F0C8B4900228416 /* Assets.xcassets */,
				E5628CE41F0C8B4900228416 /* LaunchScreen.storyboard */,
				E5628CE71F0C8B4900228416 /* Info.plist */,
				E5628CD31F0C8B4900228416 /* Supporting Files */,
			);
			path = DfitcKLine;
			sourceTree = "<group>";
		};
		E5628CD31F0C8B4900228416 /* Supporting Files */ = {
			isa = PBXGroup;
			children = (
				E5628CD41F0C8B4900228416 /* main.m */,
			);
			name = "Supporting Files";
			sourceTree = "<group>";
		};
		E5628CED1F0C8DDC00228416 /* TimeLineView */ = {
			isa = PBXGroup;
			children = (
				E51DB3F01F146B9F002D9916 /* Coordinates stuff */,
				E51DB37F1F0E6005002D9916 /* TimeLineModel */,
				E51DB36F1F0DD5DB002D9916 /* BottomView */,
				E51DB36D1F0DD5B9002D9916 /* TopView */,
				E51DB3B41F10AB90002D9916 /* CBTimeLineView.h */,
				E51DB3B51F10AB90002D9916 /* CBTimeLineView.m */,
			);
			name = TimeLineView;
			path = ..;
			sourceTree = "<group>";
		};
		E5628CEE1F0C914E00228416 /* K map */ = {
			isa = PBXGroup;
			children = (
			);
			name = "K map";
			path = ..;
			sourceTree = "<group>";
		};
/* End PBXGroup section */

/* Begin PBXNativeTarget section */
		E5628CCF1F0C8B4900228416 /* DfitcKLine */ = {
			isa = PBXNativeTarget;
			buildConfigurationList = E5628CEA1F0C8B4900228416 /* Build configuration list for PBXNativeTarget "DfitcKLine" */;
			buildPhases = (
				E5628CCC1F0C8B4900228416 /* Sources */,
				E5628CCD1F0C8B4900228416 /* Frameworks */,
				E5628CCE1F0C8B4900228416 /* Resources */,
			);
			buildRules = (
			);
			dependencies = (
			);
			name = DfitcKLine;
			productName = DfitcKLine;
			productReference = E5628CD01F0C8B4900228416 /* DfitcKLine.app */;
			productType = "com.apple.product-type.application";
		};
/* End PBXNativeTarget section */

/* Begin PBXProject section */
		E5628CC81F0C8B4900228416 /* Project object */ = {
			isa = PBXProject;
			attributes = {
				CLASSPREFIX = CB;
				LastUpgradeCheck = 0830;
				ORGANIZATIONNAME = Dfitc;
				TargetAttributes = {
					E5628CCF1F0C8B4900228416 = {
						CreatedOnToolsVersion = 8.3.3;
						DevelopmentTeam = FZ4U8996XY;
						ProvisioningStyle = Automatic;
					};
				};
			};
			buildConfigurationList = E5628CCB1F0C8B4900228416 /* Build configuration list for PBXProject "DfitcKLine" */;
			compatibilityVersion = "Xcode 3.2";
			developmentRegion = English;
			hasScannedForEncodings = 0;
			knownRegions = (
				en,
				Base,
			);
			mainGroup = E5628CC71F0C8B4900228416;
			productRefGroup = E5628CD11F0C8B4900228416 /* Products */;
			projectDirPath = "";
			projectRoot = "";
			targets = (
				E5628CCF1F0C8B4900228416 /* DfitcKLine */,
			);
		};
/* End PBXProject section */

/* Begin PBXResourcesBuildPhase section */
		E5628CCE1F0C8B4900228416 /* Resources */ = {
			isa = PBXResourcesBuildPhase;
			buildActionMask = 2147483647;
			files = (
				E5628CE61F0C8B4900228416 /* LaunchScreen.storyboard in Resources */,
				E5628CE31F0C8B4900228416 /* Assets.xcassets in Resources */,
				E5628CE11F0C8B4900228416 /* Main.storyboard in Resources */,
				E51DB3C91F10D193002D9916 /* TimeLine.plist in Resources */,
			);
			runOnlyForDeploymentPostprocessing = 0;
		};
/* End PBXResourcesBuildPhase section */

/* Begin PBXSourcesBuildPhase section */
		E5628CCC1F0C8B4900228416 /* Sources */ = {
			isa = PBXSourcesBuildPhase;
			buildActionMask = 2147483647;
			files = (
				E51DB3A31F0F67C8002D9916 /* View+MASAdditions.m in Sources */,
				E51DB3C61F10CB36002D9916 /* CBLongPressView.m in Sources */,
				E51DB3CE1F10D57B002D9916 /* JMSGroupTimeLineModel.m in Sources */,
				E5628CDE1F0C8B4900228416 /* SecondViewController.m in Sources */,
				E51DB3781F0E2817002D9916 /* CBTimeLineModel.m in Sources */,
				E5628CD81F0C8B4900228416 /* AppDelegate.m in Sources */,
				E51DB3BF1F10C1F7002D9916 /* CBTimeLineTopView.m in Sources */,
				E51DB3751F0DD6ED002D9916 /* CBTimeLine.m in Sources */,
				E51DB3BC1F10C163002D9916 /* CBTimeLineBottomView.m in Sources */,
				E51DB3A61F0F68AB002D9916 /* CBSegmentView.m in Sources */,
				E51DB3E41F10D611002D9916 /* MJProperty.m in Sources */,
				E51DB3B61F10AB90002D9916 /* CBTimeLineView.m in Sources */,
				E51DB37E1F0E51D4002D9916 /* CBContainerView.m in Sources */,
				E51DB3E81F10D611002D9916 /* NSObject+MJProperty.m in Sources */,
				E51DB3E91F10D611002D9916 /* NSString+MJExtension.m in Sources */,
				E51DB39F1F0F67C8002D9916 /* MASViewAttribute.m in Sources */,
				E51DB3C21F10C729002D9916 /* CBTimeLineTopPositionModel.m in Sources */,
				E51DB39B1F0F67C8002D9916 /* MASCompositeConstraint.m in Sources */,
				E51DB3EC1F10F03A002D9916 /* CBTimeLineBottomVolum.m in Sources */,
				E51DB3E71F10D611002D9916 /* NSObject+MJKeyValue.m in Sources */,
				E51DB3E51F10D611002D9916 /* MJType.m in Sources */,
				E51DB3EF1F10F058002D9916 /* CBTimeLineBottomPositionModel.m in Sources */,
				E51DB3E31F10D611002D9916 /* MJFoundation.m in Sources */,
				E51DB3B91F10ABBF002D9916 /* CBTimeLineModelGroup.m in Sources */,
				E51DB3E21F10D611002D9916 /* MJConst.m in Sources */,
				E51DB3AD1F1091DC002D9916 /* CBKLineConstant.m in Sources */,
				E51DB3F31F147754002D9916 /* CBCoordinatesControl.m in Sources */,
				E51DB39D1F0F67C8002D9916 /* MASConstraintMaker.m in Sources */,
				E51DB3E61F10D611002D9916 /* NSObject+MJCoding.m in Sources */,
				E51DB39C1F0F67C8002D9916 /* MASConstraint.m in Sources */,
				E51DB3CF1F10D57B002D9916 /* JMSTimeLineModel.m in Sources */,
				E51DB3A21F0F67C8002D9916 /* NSLayoutConstraint+MASDebugAdditions.m in Sources */,
				E51DB39E1F0F67C8002D9916 /* MASLayoutConstraint.m in Sources */,
				E51DB3A11F0F67C8002D9916 /* NSArray+MASAdditions.m in Sources */,
				E5628CDB1F0C8B4900228416 /* FirstViewController.m in Sources */,
				E5628CD51F0C8B4900228416 /* main.m in Sources */,
				E51DB3A01F0F67C8002D9916 /* MASViewConstraint.m in Sources */,
			);
			runOnlyForDeploymentPostprocessing = 0;
		};
/* End PBXSourcesBuildPhase section */

/* Begin PBXVariantGroup section */
		E5628CDF1F0C8B4900228416 /* Main.storyboard */ = {
			isa = PBXVariantGroup;
			children = (
				E5628CE01F0C8B4900228416 /* Base */,
			);
			name = Main.storyboard;
			sourceTree = "<group>";
		};
		E5628CE41F0C8B4900228416 /* LaunchScreen.storyboard */ = {
			isa = PBXVariantGroup;
			children = (
				E5628CE51F0C8B4900228416 /* Base */,
			);
			name = LaunchScreen.storyboard;
			sourceTree = "<group>";
		};
/* End PBXVariantGroup section */

/* Begin XCBuildConfiguration section */
		E5628CE81F0C8B4900228416 /* Debug */ = {
			isa = XCBuildConfiguration;
			buildSettings = {
				ALWAYS_SEARCH_USER_PATHS = NO;
				CLANG_ANALYZER_NONNULL = YES;
				CLANG_ANALYZER_NUMBER_OBJECT_CONVERSION = YES_AGGRESSIVE;
				CLANG_CXX_LANGUAGE_STANDARD = "gnu++0x";
				CLANG_CXX_LIBRARY = "libc++";
				CLANG_ENABLE_MODULES = YES;
				CLANG_ENABLE_OBJC_ARC = YES;
				CLANG_WARN_BOOL_CONVERSION = YES;
				CLANG_WARN_CONSTANT_CONVERSION = YES;
				CLANG_WARN_DIRECT_OBJC_ISA_USAGE = YES_ERROR;
				CLANG_WARN_DOCUMENTATION_COMMENTS = YES;
				CLANG_WARN_EMPTY_BODY = YES;
				CLANG_WARN_ENUM_CONVERSION = YES;
				CLANG_WARN_INFINITE_RECURSION = YES;
				CLANG_WARN_INT_CONVERSION = YES;
				CLANG_WARN_OBJC_ROOT_CLASS = YES_ERROR;
				CLANG_WARN_SUSPICIOUS_MOVE = YES;
				CLANG_WARN_UNREACHABLE_CODE = YES;
				CLANG_WARN__DUPLICATE_METHOD_MATCH = YES;
				"CODE_SIGN_IDENTITY[sdk=iphoneos*]" = "iPhone Developer";
				COPY_PHASE_STRIP = NO;
				DEBUG_INFORMATION_FORMAT = dwarf;
				ENABLE_STRICT_OBJC_MSGSEND = YES;
				ENABLE_TESTABILITY = YES;
				GCC_C_LANGUAGE_STANDARD = gnu99;
				GCC_DYNAMIC_NO_PIC = NO;
				GCC_NO_COMMON_BLOCKS = YES;
				GCC_OPTIMIZATION_LEVEL = 0;
				GCC_PREPROCESSOR_DEFINITIONS = (
					"DEBUG=1",
					"$(inherited)",
				);
				GCC_WARN_64_TO_32_BIT_CONVERSION = YES;
				GCC_WARN_ABOUT_RETURN_TYPE = YES_ERROR;
				GCC_WARN_UNDECLARED_SELECTOR = YES;
				GCC_WARN_UNINITIALIZED_AUTOS = YES_AGGRESSIVE;
				GCC_WARN_UNUSED_FUNCTION = YES;
				GCC_WARN_UNUSED_VARIABLE = YES;
				IPHONEOS_DEPLOYMENT_TARGET = 10.3;
				MTL_ENABLE_DEBUG_INFO = YES;
				ONLY_ACTIVE_ARCH = YES;
				SDKROOT = iphoneos;
			};
			name = Debug;
		};
		E5628CE91F0C8B4900228416 /* Release */ = {
			isa = XCBuildConfiguration;
			buildSettings = {
				ALWAYS_SEARCH_USER_PATHS = NO;
				CLANG_ANALYZER_NONNULL = YES;
				CLANG_ANALYZER_NUMBER_OBJECT_CONVERSION = YES_AGGRESSIVE;
				CLANG_CXX_LANGUAGE_STANDARD = "gnu++0x";
				CLANG_CXX_LIBRARY = "libc++";
				CLANG_ENABLE_MODULES = YES;
				CLANG_ENABLE_OBJC_ARC = YES;
				CLANG_WARN_BOOL_CONVERSION = YES;
				CLANG_WARN_CONSTANT_CONVERSION = YES;
				CLANG_WARN_DIRECT_OBJC_ISA_USAGE = YES_ERROR;
				CLANG_WARN_DOCUMENTATION_COMMENTS = YES;
				CLANG_WARN_EMPTY_BODY = YES;
				CLANG_WARN_ENUM_CONVERSION = YES;
				CLANG_WARN_INFINITE_RECURSION = YES;
				CLANG_WARN_INT_CONVERSION = YES;
				CLANG_WARN_OBJC_ROOT_CLASS = YES_ERROR;
				CLANG_WARN_SUSPICIOUS_MOVE = YES;
				CLANG_WARN_UNREACHABLE_CODE = YES;
				CLANG_WARN__DUPLICATE_METHOD_MATCH = YES;
				"CODE_SIGN_IDENTITY[sdk=iphoneos*]" = "iPhone Developer";
				COPY_PHASE_STRIP = NO;
				DEBUG_INFORMATION_FORMAT = "dwarf-with-dsym";
				ENABLE_NS_ASSERTIONS = NO;
				ENABLE_STRICT_OBJC_MSGSEND = YES;
				GCC_C_LANGUAGE_STANDARD = gnu99;
				GCC_NO_COMMON_BLOCKS = YES;
				GCC_WARN_64_TO_32_BIT_CONVERSION = YES;
				GCC_WARN_ABOUT_RETURN_TYPE = YES_ERROR;
				GCC_WARN_UNDECLARED_SELECTOR = YES;
				GCC_WARN_UNINITIALIZED_AUTOS = YES_AGGRESSIVE;
				GCC_WARN_UNUSED_FUNCTION = YES;
				GCC_WARN_UNUSED_VARIABLE = YES;
				IPHONEOS_DEPLOYMENT_TARGET = 10.3;
				MTL_ENABLE_DEBUG_INFO = NO;
				SDKROOT = iphoneos;
				VALIDATE_PRODUCT = YES;
			};
			name = Release;
		};
		E5628CEB1F0C8B4900228416 /* Debug */ = {
			isa = XCBuildConfiguration;
			buildSettings = {
				ASSETCATALOG_COMPILER_APPICON_NAME = AppIcon;
				DEVELOPMENT_TEAM = FZ4U8996XY;
				INFOPLIST_FILE = DfitcKLine/Info.plist;
				LD_RUNPATH_SEARCH_PATHS = "$(inherited) @executable_path/Frameworks";
				PRODUCT_BUNDLE_IDENTIFIER = Dfitc.DfitcKLine;
				PRODUCT_NAME = "$(TARGET_NAME)";
			};
			name = Debug;
		};
		E5628CEC1F0C8B4900228416 /* Release */ = {
			isa = XCBuildConfiguration;
			buildSettings = {
				ASSETCATALOG_COMPILER_APPICON_NAME = AppIcon;
				DEVELOPMENT_TEAM = FZ4U8996XY;
				INFOPLIST_FILE = DfitcKLine/Info.plist;
				LD_RUNPATH_SEARCH_PATHS = "$(inherited) @executable_path/Frameworks";
				PRODUCT_BUNDLE_IDENTIFIER = Dfitc.DfitcKLine;
				PRODUCT_NAME = "$(TARGET_NAME)";
			};
			name = Release;
		};
/* End XCBuildConfiguration section */

/* Begin XCConfigurationList section */
		E5628CCB1F0C8B4900228416 /* Build configuration list for PBXProject "DfitcKLine" */ = {
			isa = XCConfigurationList;
			buildConfigurations = (
				E5628CE81F0C8B4900228416 /* Debug */,
				E5628CE91F0C8B4900228416 /* Release */,
			);
			defaultConfigurationIsVisible = 0;
			defaultConfigurationName = Release;
		};
		E5628CEA1F0C8B4900228416 /* Build configuration list for PBXNativeTarget "DfitcKLine" */ = {
			isa = XCConfigurationList;
			buildConfigurations = (
				E5628CEB1F0C8B4900228416 /* Debug */,
				E5628CEC1F0C8B4900228416 /* Release */,
			);
			defaultConfigurationIsVisible = 0;
			defaultConfigurationName = Release;
		};
/* End XCConfigurationList section */
	};
	rootObject = E5628CC81F0C8B4900228416 /* Project object */;
}
